{
  "name": "goonj_decryption_service",
  "version": "1.0.0",
  "lockfileVersion": 2,
  "requires": true,
  "packages": {
    "": {
      "name": "goonj_decryption_service",
      "version": "1.0.0",
      "license": "ISC",
      "dependencies": {
        "rc4-cipher": "^1.0.0"
      }
    },
    "node_modules/rc4-cipher": {
      "version": "1.0.0",
      "resolved": "https://registry.npmjs.org/rc4-cipher/-/rc4-cipher-1.0.0.tgz",
      "integrity": "sha512-qv+SkUxFRfwSEt3zRG2BV1zVWB+un0DcumDVXHjI5lQnkBfeye6EVyR6IZBm9vhsQUHvEeEtb1lk1g4eMH8xlA=="
    }
  },
  "dependencies": {
    "rc4-cipher": {
      "version": "1.0.0",
      "resolved": "https://registry.npmjs.org/rc4-cipher/-/rc4-cipher-1.0.0.tgz",
      "integrity": "sha512-qv+SkUxFRfwSEt3zRG2BV1zVWB+un0DcumDVXHjI5lQnkBfeye6EVyR6IZBm9vhsQUHvEeEtb1lk1g4eMH8xlA=="
    }
  }
}
